
Microsoft Visual Studio Solution File, Format Version 12.00
# Visual Studio 15
VisualStudioVersion = 15.0.27703.2026
MinimumVisualStudioVersion = 10.0.40219.1
Project("{FAE04EC0-301F-11D3-BF4B-00C04F79EFBC}") = "App1", "App1.csproj", "{B84C5C8C-B27A-4FE4-B3B6-D25D25C9913D}"
EndProject
Global
	GlobalSection(SolutionConfigurationPlatforms) = preSolution
		Debug|ARM = Debug|ARM
		Debug|x64 = Debug|x64
		Debug|x86 = Debug|x86
		Release|ARM = Release|ARM
		Release|x64 = Release|x64
		Release|x86 = Release|x86
	EndGlobalSection
	GlobalSection(ProjectConfigurationPlatforms) = postSolution
		{B84C5C8C-B27A-4FE4-B3B6-D25D25C9913D}.Debug|ARM.ActiveCfg = Debug|ARM
		{B84C5C8C-B27A-4FE4-B3B6-D25D25C9913D}.Debug|ARM.Build.0 = Debug|ARM
		{B84C5C8C-B27A-4FE4-B3B6-D25D25C9913D}.Debug|ARM.Deploy.0 = Debug|ARM
		{B84C5C8C-B27A-4FE4-B3B6-D25D25C9913D}.Debug|x64.ActiveCfg = Debug|x64
		{B84C5C8C-B27A-4FE4-B3B6-D25D25C9913D}.Debug|x64.Build.0 = Debug|x64
		{B84C5C8C-B27A-4FE4-B3B6-D25D25C9913D}.Debug|x64.Deploy.0 = Debug|x64
		{B84C5C8C-B27A-4FE4-B3B6-D25D25C9913D}.Debug|x86.ActiveCfg = Debug|x86
		{B84C5C8C-B27A-4FE4-B3B6-D25D25C9913D}.Debug|x86.Build.0 = Debug|x86
		{B84C5C8C-B27A-4FE4-B3B6-D25D25C9913D}.Debug|x86.Deploy.0 = Debug|x86
		{B84C5C8C-B27A-4FE4-B3B6-D25D25C9913D}.Release|ARM.ActiveCfg = Release|ARM
		{B84C5C8C-B27A-4FE4-B3B6-D25D25C9913D}.Release|ARM.Build.0 = Release|ARM
		{B84C5C8C-B27A-4FE4-B3B6-D25D25C9913D}.Release|ARM.Deploy.0 = Release|ARM
		{B84C5C8C-B27A-4FE4-B3B6-D25D25C9913D}.Release|x64.ActiveCfg = Release|x64
		{B84C5C8C-B27A-4FE4-B3B6-D25D25C9913D}.Release|x64.Build.0 = Release|x64
		{B84C5C8C-B27A-4FE4-B3B6-D25D25C9913D}.Release|x64.Deploy.0 = Release|x64
		{B84C5C8C-B27A-4FE4-B3B6-D25D25C9913D}.Release|x86.ActiveCfg = Release|x86
		{B84C5C8C-B27A-4FE4-B3B6-D25D25C9913D}.Release|x86.Build.0 = Release|x86
		{B84C5C8C-B27A-4FE4-B3B6-D25D25C9913D}.Release|x86.Deploy.0 = Release|x86
	EndGlobalSection
	GlobalSection(SolutionProperties) = preSolution
		HideSolutionNode = FALSE
	EndGlobalSection
	GlobalSection(ExtensibilityGlobals) = postSolution
		SolutionGuid = {95D23C16-2A56-46FC-BA63-31BFCC33B841}
	EndGlobalSection
EndGlobal
